
Microsoft Visual Studio Solution File, Format Version 12.00
# Visual Studio Version 16
VisualStudioVersion = 16.0.29209.62
MinimumVisualStudioVersion = 10.0.40219.1
Project("{FAE04EC0-301F-11D3-BF4B-00C04F79EFBC}") = "WebApp", "WebApp\WebApp.csproj", "{9ECE202D-62A3-44A3-BD17-7604967B0E06}"
EndProject
Project("{FAE04EC0-301F-11D3-BF4B-00C04F79EFBC}") = "NorthWindSystem", "NorthWindSystem\NorthWindSystem.csproj", "{43D726CA-5D0A-450A-B3B4-C4C4B837ECD2}"
EndProject
Project("{FAE04EC0-301F-11D3-BF4B-00C04F79EFBC}") = "NorthwindSystem.Data", "NorthwindSystem.Data\NorthwindSystem.Data.csproj", "{42700DC0-2C0E-4C06-951A-28FD6135026B}"
EndProject
Global
	GlobalSection(SolutionConfigurationPlatforms) = preSolution
		Debug|Any CPU = Debug|Any CPU
		Release|Any CPU = Release|Any CPU
	EndGlobalSection
	GlobalSection(ProjectConfigurationPlatforms) = postSolution
		{9ECE202D-62A3-44A3-BD17-7604967B0E06}.Debug|Any CPU.ActiveCfg = Debug|Any CPU
		{9ECE202D-62A3-44A3-BD17-7604967B0E06}.Debug|Any CPU.Build.0 = Debug|Any CPU
		{9ECE202D-62A3-44A3-BD17-7604967B0E06}.Release|Any CPU.ActiveCfg = Release|Any CPU
		{9ECE202D-62A3-44A3-BD17-7604967B0E06}.Release|Any CPU.Build.0 = Release|Any CPU
		{43D726CA-5D0A-450A-B3B4-C4C4B837ECD2}.Debug|Any CPU.ActiveCfg = Debug|Any CPU
		{43D726CA-5D0A-450A-B3B4-C4C4B837ECD2}.Debug|Any CPU.Build.0 = Debug|Any CPU
		{43D726CA-5D0A-450A-B3B4-C4C4B837ECD2}.Release|Any CPU.ActiveCfg = Release|Any CPU
		{43D726CA-5D0A-450A-B3B4-C4C4B837ECD2}.Release|Any CPU.Build.0 = Release|Any CPU
		{42700DC0-2C0E-4C06-951A-28FD6135026B}.Debug|Any CPU.ActiveCfg = Debug|Any CPU
		{42700DC0-2C0E-4C06-951A-28FD6135026B}.Debug|Any CPU.Build.0 = Debug|Any CPU
		{42700DC0-2C0E-4C06-951A-28FD6135026B}.Release|Any CPU.ActiveCfg = Release|Any CPU
		{42700DC0-2C0E-4C06-951A-28FD6135026B}.Release|Any CPU.Build.0 = Release|Any CPU
	EndGlobalSection
	GlobalSection(SolutionProperties) = preSolution
		HideSolutionNode = FALSE
	EndGlobalSection
	GlobalSection(ExtensibilityGlobals) = postSolution
		SolutionGuid = {CB4E8CAD-8F49-4256-9861-D8DB2F2AB85B}
	EndGlobalSection
EndGlobal
